// !$*UTF8*$!
{
	archiveVersion = 1;
	classes = {
	};
	objectVersion = 46;
	objects = {

/* Begin PBXBuildFile section */
		841E5BD71ECD46E9004DDFDA /* main.m in Sources */ = {isa = PBXBuildFile; fileRef = 841E5BD61ECD46E9004DDFDA /* main.m */; };
		841E5BE01ECD47D5004DDFDA /* Agent.m in Sources */ = {isa = PBXBuildFile; fileRef = 841E5BDF1ECD47D5004DDFDA /* Agent.m */; };
		841E5BE31ECD486A004DDFDA /* Person.m in Sources */ = {isa = PBXBuildFile; fileRef = 841E5BE21ECD486A004DDFDA /* Person.m */; };
		841E5BE61ECD49EF004DDFDA /* OtherAgent.m in Sources */ = {isa = PBXBuildFile; fileRef = 841E5BE51ECD49EF004DDFDA /* OtherAgent.m */; };
/* End PBXBuildFile section */

/* Begin PBXCopyFilesBuildPhase section */
		841E5BD11ECD46E9004DDFDA /* CopyFiles */ = {
			isa = PBXCopyFilesBuildPhase;
			buildActionMask = 2147483647;
			dstPath = /usr/share/man/man1/;
			dstSubfolderSpec = 0;
			files = (
			);
			runOnlyForDeploymentPostprocessing = 1;
		};
/* End PBXCopyFilesBuildPhase section */

/* Begin PBXFileReference section */
		841E5BD31ECD46E9004DDFDA /* OC协议与代理 */ = {isa = PBXFileReference; explicitFileType = "compiled.mach-o.executable"; includeInIndex = 0; path = "OC协议与代理"; sourceTree = BUILT_PRODUCTS_DIR; };
		841E5BD61ECD46E9004DDFDA /* main.m */ = {isa = PBXFileReference; lastKnownFileType = sourcecode.c.objc; path = main.m; sourceTree = "<group>"; };
		841E5BDD1ECD4765004DDFDA /* HouseDelegate.h */ = {isa = PBXFileReference; lastKnownFileType = sourcecode.c.h; path = HouseDelegate.h; sourceTree = "<group>"; };
		841E5BDE1ECD47D5004DDFDA /* Agent.h */ = {isa = PBXFileReference; fileEncoding = 4; lastKnownFileType = sourcecode.c.h; path = Agent.h; sourceTree = "<group>"; };
		841E5BDF1ECD47D5004DDFDA /* Agent.m */ = {isa = PBXFileReference; fileEncoding = 4; lastKnownFileType = sourcecode.c.objc; path = Agent.m; sourceTree = "<group>"; };
		841E5BE11ECD486A004DDFDA /* Person.h */ = {isa = PBXFileReference; fileEncoding = 4; lastKnownFileType = sourcecode.c.h; path = Person.h; sourceTree = "<group>"; };
		841E5BE21ECD486A004DDFDA /* Person.m */ = {isa = PBXFileReference; fileEncoding = 4; lastKnownFileType = sourcecode.c.objc; path = Person.m; sourceTree = "<group>"; };
		841E5BE41ECD49EF004DDFDA /* OtherAgent.h */ = {isa = PBXFileReference; fileEncoding = 4; lastKnownFileType = sourcecode.c.h; path = OtherAgent.h; sourceTree = "<group>"; };
		841E5BE51ECD49EF004DDFDA /* OtherAgent.m */ = {isa = PBXFileReference; fileEncoding = 4; lastKnownFileType = sourcecode.c.objc; path = OtherAgent.m; sourceTree = "<group>"; };
/* End PBXFileReference section */

/* Begin PBXFrameworksBuildPhase section */
		841E5BD01ECD46E9004DDFDA /* Frameworks */ = {
			isa = PBXFrameworksBuildPhase;
			buildActionMask = 2147483647;
			files = (
			);
			runOnlyForDeploymentPostprocessing = 0;
		};
/* End PBXFrameworksBuildPhase section */

/* Begin PBXGroup section */
		841E5BCA1ECD46E9004DDFDA = {
			isa = PBXGroup;
			children = (
				841E5BD51ECD46E9004DDFDA /* OC协议与代理 */,
				841E5BD41ECD46E9004DDFDA /* Products */,
			);
			sourceTree = "<group>";
		};
		841E5BD41ECD46E9004DDFDA /* Products */ = {
			isa = PBXGroup;
			children = (
				841E5BD31ECD46E9004DDFDA /* OC协议与代理 */,
			);
			name = Products;
			sourceTree = "<group>";
		};
		841E5BD51ECD46E9004DDFDA /* OC协议与代理 */ = {
			isa = PBXGroup;
			children = (
				841E5BD61ECD46E9004DDFDA /* main.m */,
				841E5BDD1ECD4765004DDFDA /* HouseDelegate.h */,
				841E5BDE1ECD47D5004DDFDA /* Agent.h */,
				841E5BDF1ECD47D5004DDFDA /* Agent.m */,
				841E5BE11ECD486A004DDFDA /* Person.h */,
				841E5BE21ECD486A004DDFDA /* Person.m */,
				841E5BE41ECD49EF004DDFDA /* OtherAgent.h */,
				841E5BE51ECD49EF004DDFDA /* OtherAgent.m */,
			);
			path = "OC协议与代理";
			sourceTree = "<group>";
		};
/* End PBXGroup section */

/* Begin PBXNativeTarget section */
		841E5BD21ECD46E9004DDFDA /* OC协议与代理 */ = {
			isa = PBXNativeTarget;
			buildConfigurationList = 841E5BDA1ECD46E9004DDFDA /* Build configuration list for PBXNativeTarget "OC协议与代理" */;
			buildPhases = (
				841E5BCF1ECD46E9004DDFDA /* Sources */,
				841E5BD01ECD46E9004DDFDA /* Frameworks */,
				841E5BD11ECD46E9004DDFDA /* CopyFiles */,
			);
			buildRules = (
			);
			dependencies = (
			);
			name = "OC协议与代理";
			productName = "OC协议与代理";
			productReference = 841E5BD31ECD46E9004DDFDA /* OC协议与代理 */;
			productType = "com.apple.product-type.tool";
		};
/* End PBXNativeTarget section */

/* Begin PBXProject section */
		841E5BCB1ECD46E9004DDFDA /* Project object */ = {
			isa = PBXProject;
			attributes = {
				LastUpgradeCheck = 0820;
				ORGANIZATIONNAME = admin;
				TargetAttributes = {
					841E5BD21ECD46E9004DDFDA = {
						CreatedOnToolsVersion = 8.2.1;
						DevelopmentTeam = X6Q9Y9GBJ2;
						ProvisioningStyle = Automatic;
					};
				};
			};
			buildConfigurationList = 841E5BCE1ECD46E9004DDFDA /* Build configuration list for PBXProject "OC协议与代理" */;
			compatibilityVersion = "Xcode 3.2";
			developmentRegion = English;
			hasScannedForEncodings = 0;
			knownRegions = (
				en,
			);
			mainGroup = 841E5BCA1ECD46E9004DDFDA;
			productRefGroup = 841E5BD41ECD46E9004DDFDA /* Products */;
			projectDirPath = "";
			projectRoot = "";
			targets = (
				841E5BD21ECD46E9004DDFDA /* OC协议与代理 */,
			);
		};
/* End PBXProject section */

/* Begin PBXSourcesBuildPhase section */
		841E5BCF1ECD46E9004DDFDA /* Sources */ = {
			isa = PBXSourcesBuildPhase;
			buildActionMask = 2147483647;
			files = (
				841E5BE61ECD49EF004DDFDA /* OtherAgent.m in Sources */,
				841E5BE31ECD486A004DDFDA /* Person.m in Sources */,
				841E5BD71ECD46E9004DDFDA /* main.m in Sources */,
				841E5BE01ECD47D5004DDFDA /* Agent.m in Sources */,
			);
			runOnlyForDeploymentPostprocessing = 0;
		};
/* End PBXSourcesBuildPhase section */

/* Begin XCBuildConfiguration section */
		841E5BD81ECD46E9004DDFDA /* Debug */ = {
			isa = XCBuildConfiguration;
			buildSettings = {
				ALWAYS_SEARCH_USER_PATHS = NO;
				CLANG_ANALYZER_NONNULL = YES;
				CLANG_CXX_LANGUAGE_STANDARD = "gnu++0x";
				CLANG_CXX_LIBRARY = "libc++";
				CLANG_ENABLE_MODULES = YES;
				CLANG_ENABLE_OBJC_ARC = YES;
				CLANG_WARN_BOOL_CONVERSION = YES;
				CLANG_WARN_CONSTANT_CONVERSION = YES;
				CLANG_WARN_DIRECT_OBJC_ISA_USAGE = YES_ERROR;
				CLANG_WARN_DOCUMENTATION_COMMENTS = YES;
				CLANG_WARN_EMPTY_BODY = YES;
				CLANG_WARN_ENUM_CONVERSION = YES;
				CLANG_WARN_INFINITE_RECURSION = YES;
				CLANG_WARN_INT_CONVERSION = YES;
				CLANG_WARN_OBJC_ROOT_CLASS = YES_ERROR;
				CLANG_WARN_SUSPICIOUS_MOVE = YES;
				CLANG_WARN_UNREACHABLE_CODE = YES;
				CLANG_WARN__DUPLICATE_METHOD_MATCH = YES;
				CODE_SIGN_IDENTITY = "-";
				COPY_PHASE_STRIP = NO;
				DEBUG_INFORMATION_FORMAT = dwarf;
				ENABLE_STRICT_OBJC_MSGSEND = YES;
				ENABLE_TESTABILITY = YES;
				GCC_C_LANGUAGE_STANDARD = gnu99;
				GCC_DYNAMIC_NO_PIC = NO;
				GCC_NO_COMMON_BLOCKS = YES;
				GCC_OPTIMIZATION_LEVEL = 0;
				GCC_PREPROCESSOR_DEFINITIONS = (
					"DEBUG=1",
					"$(inherited)",
				);
				GCC_WARN_64_TO_32_BIT_CONVERSION = YES;
				GCC_WARN_ABOUT_RETURN_TYPE = YES_ERROR;
				GCC_WARN_UNDECLARED_SELECTOR = YES;
				GCC_WARN_UNINITIALIZED_AUTOS = YES_AGGRESSIVE;
				GCC_WARN_UNUSED_FUNCTION = YES;
				GCC_WARN_UNUSED_VARIABLE = YES;
				MACOSX_DEPLOYMENT_TARGET = 10.12;
				MTL_ENABLE_DEBUG_INFO = YES;
				ONLY_ACTIVE_ARCH = YES;
				SDKROOT = macosx;
			};
			name = Debug;
		};
		841E5BD91ECD46E9004DDFDA /* Release */ = {
			isa = XCBuildConfiguration;
			buildSettings = {
				ALWAYS_SEARCH_USER_PATHS = NO;
				CLANG_ANALYZER_NONNULL = YES;
				CLANG_CXX_LANGUAGE_STANDARD = "gnu++0x";
				CLANG_CXX_LIBRARY = "libc++";
				CLANG_ENABLE_MODULES = YES;
				CLANG_ENABLE_OBJC_ARC = YES;
				CLANG_WARN_BOOL_CONVERSION = YES;
				CLANG_WARN_CONSTANT_CONVERSION = YES;
				CLANG_WARN_DIRECT_OBJC_ISA_USAGE = YES_ERROR;
				CLANG_WARN_DOCUMENTATION_COMMENTS = YES;
				CLANG_WARN_EMPTY_BODY = YES;
				CLANG_WARN_ENUM_CONVERSION = YES;
				CLANG_WARN_INFINITE_RECURSION = YES;
				CLANG_WARN_INT_CONVERSION = YES;
				CLANG_WARN_OBJC_ROOT_CLASS = YES_ERROR;
				CLANG_WARN_SUSPICIOUS_MOVE = YES;
				CLANG_WARN_UNREACHABLE_CODE = YES;
				CLANG_WARN__DUPLICATE_METHOD_MATCH = YES;
				CODE_SIGN_IDENTITY = "-";
				COPY_PHASE_STRIP = NO;
				DEBUG_INFORMATION_FORMAT = "dwarf-with-dsym";
				ENABLE_NS_ASSERTIONS = NO;
				ENABLE_STRICT_OBJC_MSGSEND = YES;
				GCC_C_LANGUAGE_STANDARD = gnu99;
				GCC_NO_COMMON_BLOCKS = YES;
				GCC_WARN_64_TO_32_BIT_CONVERSION = YES;
				GCC_WARN_ABOUT_RETURN_TYPE = YES_ERROR;
				GCC_WARN_UNDECLARED_SELECTOR = YES;
				GCC_WARN_UNINITIALIZED_AUTOS = YES_AGGRESSIVE;
				GCC_WARN_UNUSED_FUNCTION = YES;
				GCC_WARN_UNUSED_VARIABLE = YES;
				MACOSX_DEPLOYMENT_TARGET = 10.12;
				MTL_ENABLE_DEBUG_INFO = NO;
				SDKROOT = macosx;
			};
			name = Release;
		};
		841E5BDB1ECD46E9004DDFDA /* Debug */ = {
			isa = XCBuildConfiguration;
			buildSettings = {
				DEVELOPMENT_TEAM = X6Q9Y9GBJ2;
				PRODUCT_NAME = "$(TARGET_NAME)";
			};
			name = Debug;
		};
		841E5BDC1ECD46E9004DDFDA /* Release */ = {
			isa = XCBuildConfiguration;
			buildSettings = {
				DEVELOPMENT_TEAM = X6Q9Y9GBJ2;
				PRODUCT_NAME = "$(TARGET_NAME)";
			};
			name = Release;
		};
/* End XCBuildConfiguration section */

/* Begin XCConfigurationList section */
		841E5BCE1ECD46E9004DDFDA /* Build configuration list for PBXProject "OC协议与代理" */ = {
			isa = XCConfigurationList;
			buildConfigurations = (
				841E5BD81ECD46E9004DDFDA /* Debug */,
				841E5BD91ECD46E9004DDFDA /* Release */,
			);
			defaultConfigurationIsVisible = 0;
			defaultConfigurationName = Release;
		};
		841E5BDA1ECD46E9004DDFDA /* Build configuration list for PBXNativeTarget "OC协议与代理" */ = {
			isa = XCConfigurationList;
			buildConfigurations = (
				841E5BDB1ECD46E9004DDFDA /* Debug */,
				841E5BDC1ECD46E9004DDFDA /* Release */,
			);
			defaultConfigurationIsVisible = 0;
		};
/* End XCConfigurationList section */
	};
	rootObject = 841E5BCB1ECD46E9004DDFDA /* Project object */;
}
